
Microsoft Visual Studio Solution File, Format Version 12.00
# Visual Studio 2012
Project("{FAE04EC0-301F-11D3-BF4B-00C04F79EFBC}") = "uama-lab1-utan-cloud", "uama-lab1-utan-cloud\uama-lab1-utan-cloud.csproj", "{2D74FD49-96C1-4FA5-8185-809A8F2918D7}"
EndProject
Project("{FAE04EC0-301F-11D3-BF4B-00C04F79EFBC}") = "ScheduledTaskAgent1", "ScheduledTaskAgent1\ScheduledTaskAgent1.csproj", "{9EDEDFB7-9264-4CEC-BDDB-07C019FFC259}"
EndProject
Global
	GlobalSection(SolutionConfigurationPlatforms) = preSolution
		Debug|Any CPU = Debug|Any CPU
		Release|Any CPU = Release|Any CPU
	EndGlobalSection
	GlobalSection(ProjectConfigurationPlatforms) = postSolution
		{2D74FD49-96C1-4FA5-8185-809A8F2918D7}.Debug|Any CPU.ActiveCfg = Debug|Any CPU
		{2D74FD49-96C1-4FA5-8185-809A8F2918D7}.Debug|Any CPU.Build.0 = Debug|Any CPU
		{2D74FD49-96C1-4FA5-8185-809A8F2918D7}.Debug|Any CPU.Deploy.0 = Debug|Any CPU
		{2D74FD49-96C1-4FA5-8185-809A8F2918D7}.Release|Any CPU.ActiveCfg = Release|Any CPU
		{2D74FD49-96C1-4FA5-8185-809A8F2918D7}.Release|Any CPU.Build.0 = Release|Any CPU
		{2D74FD49-96C1-4FA5-8185-809A8F2918D7}.Release|Any CPU.Deploy.0 = Release|Any CPU
		{9EDEDFB7-9264-4CEC-BDDB-07C019FFC259}.Debug|Any CPU.ActiveCfg = Debug|Any CPU
		{9EDEDFB7-9264-4CEC-BDDB-07C019FFC259}.Debug|Any CPU.Build.0 = Debug|Any CPU
		{9EDEDFB7-9264-4CEC-BDDB-07C019FFC259}.Release|Any CPU.ActiveCfg = Release|Any CPU
		{9EDEDFB7-9264-4CEC-BDDB-07C019FFC259}.Release|Any CPU.Build.0 = Release|Any CPU
	EndGlobalSection
	GlobalSection(SolutionProperties) = preSolution
		HideSolutionNode = FALSE
	EndGlobalSection
	GlobalSection(ExtensibilityGlobals) = postSolution
		VisualSVNWorkingCopyRoot = .
	EndGlobalSection
EndGlobal
